
Microsoft Visual Studio Solution File, Format Version 12.00
# Visual Studio 15
VisualStudioVersion = 15.0.28010.2036
MinimumVisualStudioVersion = 10.0.40219.1
Project("{FAE04EC0-301F-11D3-BF4B-00C04F79EFBC}") = "gradebook application", "gradebook application\gradebook application.csproj", "{8EF6B832-CD15-4B56-9AEA-0F4051033027}"
EndProject
Global
	GlobalSection(SolutionConfigurationPlatforms) = preSolution
		Debug|Any CPU = Debug|Any CPU
		Release|Any CPU = Release|Any CPU
	EndGlobalSection
	GlobalSection(ProjectConfigurationPlatforms) = postSolution
		{8EF6B832-CD15-4B56-9AEA-0F4051033027}.Debug|Any CPU.ActiveCfg = Debug|Any CPU
		{8EF6B832-CD15-4B56-9AEA-0F4051033027}.Debug|Any CPU.Build.0 = Debug|Any CPU
		{8EF6B832-CD15-4B56-9AEA-0F4051033027}.Release|Any CPU.ActiveCfg = Release|Any CPU
		{8EF6B832-CD15-4B56-9AEA-0F4051033027}.Release|Any CPU.Build.0 = Release|Any CPU
	EndGlobalSection
	GlobalSection(SolutionProperties) = preSolution
		HideSolutionNode = FALSE
	EndGlobalSection
	GlobalSection(ExtensibilityGlobals) = postSolution
		SolutionGuid = {A368016E-4020-4359-B26D-9AF3B09E8DF6}
	EndGlobalSection
EndGlobal
